// !$*UTF8*$!
{
	archiveVersion = 1;
	classes = {
	};
	objectVersion = 56;
	objects = {

/* Begin PBXBuildFile section */
		AC17AFBD2ABEC39E001A973A /* imageDetailView_NCApp.swift in Sources */ = {isa = PBXBuildFile; fileRef = AC17AFBC2ABEC39E001A973A /* imageDetailView_NCApp.swift */; };
		AC17AFBF2ABEC39E001A973A /* ContentView.swift in Sources */ = {isa = PBXBuildFile; fileRef = AC17AFBE2ABEC39E001A973A /* ContentView.swift */; };
		AC17AFC12ABEC3A0001A973A /* Assets.xcassets in Resources */ = {isa = PBXBuildFile; fileRef = AC17AFC02ABEC3A0001A973A /* Assets.xcassets */; };
		AC17AFC42ABEC3A0001A973A /* Preview Assets.xcassets in Resources */ = {isa = PBXBuildFile; fileRef = AC17AFC32ABEC3A0001A973A /* Preview Assets.xcassets */; };
		AC17AFCC2ABEC69C001A973A /* BottomSheet in Frameworks */ = {isa = PBXBuildFile; productRef = AC17AFCB2ABEC69C001A973A /* BottomSheet */; };
		AC17AFD12ABECF80001A973A /* mediaDetailView.swift in Sources */ = {isa = PBXBuildFile; fileRef = AC17AFD02ABECF80001A973A /* mediaDetailView.swift */; };
		AC6C2B2A2AC72BD500376084 /* mapDetailView.swift in Sources */ = {isa = PBXBuildFile; fileRef = AC6C2B292AC72BD500376084 /* mapDetailView.swift */; };
		AC6C2B2C2AC7382600376084 /* CameraDetailsView.swift in Sources */ = {isa = PBXBuildFile; fileRef = AC6C2B2B2AC7382600376084 /* CameraDetailsView.swift */; };
		ACF204402AC053ED0014FD6C /* MapView.swift in Sources */ = {isa = PBXBuildFile; fileRef = ACF2043F2AC053ED0014FD6C /* MapView.swift */; };
		ACF204472AC070C60014FD6C /* BottomSheet in Frameworks */ = {isa = PBXBuildFile; productRef = ACF204462AC070C60014FD6C /* BottomSheet */; };
/* End PBXBuildFile section */

/* Begin PBXFileReference section */
		AC17AFB92ABEC39E001A973A /* imageDetailView-NC.app */ = {isa = PBXFileReference; explicitFileType = wrapper.application; includeInIndex = 0; path = "imageDetailView-NC.app"; sourceTree = BUILT_PRODUCTS_DIR; };
		AC17AFBC2ABEC39E001A973A /* imageDetailView_NCApp.swift */ = {isa = PBXFileReference; lastKnownFileType = sourcecode.swift; path = imageDetailView_NCApp.swift; sourceTree = "<group>"; };
		AC17AFBE2ABEC39E001A973A /* ContentView.swift */ = {isa = PBXFileReference; lastKnownFileType = sourcecode.swift; path = ContentView.swift; sourceTree = "<group>"; };
		AC17AFC02ABEC3A0001A973A /* Assets.xcassets */ = {isa = PBXFileReference; lastKnownFileType = folder.assetcatalog; path = Assets.xcassets; sourceTree = "<group>"; };
		AC17AFC32ABEC3A0001A973A /* Preview Assets.xcassets */ = {isa = PBXFileReference; lastKnownFileType = folder.assetcatalog; path = "Preview Assets.xcassets"; sourceTree = "<group>"; };
		AC17AFD02ABECF80001A973A /* mediaDetailView.swift */ = {isa = PBXFileReference; lastKnownFileType = sourcecode.swift; path = mediaDetailView.swift; sourceTree = "<group>"; };
		AC6C2B292AC72BD500376084 /* mapDetailView.swift */ = {isa = PBXFileReference; lastKnownFileType = sourcecode.swift; path = mapDetailView.swift; sourceTree = "<group>"; };
		AC6C2B2B2AC7382600376084 /* CameraDetailsView.swift */ = {isa = PBXFileReference; lastKnownFileType = sourcecode.swift; path = CameraDetailsView.swift; sourceTree = "<group>"; };
		ACF2043F2AC053ED0014FD6C /* MapView.swift */ = {isa = PBXFileReference; lastKnownFileType = sourcecode.swift; path = MapView.swift; sourceTree = "<group>"; };
/* End PBXFileReference section */

/* Begin PBXFrameworksBuildPhase section */
		AC17AFB62ABEC39E001A973A /* Frameworks */ = {
			isa = PBXFrameworksBuildPhase;
			buildActionMask = 2147483647;
			files = (
				AC17AFCC2ABEC69C001A973A /* BottomSheet in Frameworks */,
				ACF204472AC070C60014FD6C /* BottomSheet in Frameworks */,
			);
			runOnlyForDeploymentPostprocessing = 0;
		};
/* End PBXFrameworksBuildPhase section */

/* Begin PBXGroup section */
		AC17AFB02ABEC39E001A973A = {
			isa = PBXGroup;
			children = (
				AC6C2B2B2AC7382600376084 /* CameraDetailsView.swift */,
				AC17AFBB2ABEC39E001A973A /* imageDetailView-NC */,
				AC17AFBA2ABEC39E001A973A /* Products */,
			);
			sourceTree = "<group>";
		};
		AC17AFBA2ABEC39E001A973A /* Products */ = {
			isa = PBXGroup;
			children = (
				AC17AFB92ABEC39E001A973A /* imageDetailView-NC.app */,
			);
			name = Products;
			sourceTree = "<group>";
		};
		AC17AFBB2ABEC39E001A973A /* imageDetailView-NC */ = {
			isa = PBXGroup;
			children = (
				AC17AFBC2ABEC39E001A973A /* imageDetailView_NCApp.swift */,
				AC17AFBE2ABEC39E001A973A /* ContentView.swift */,
				AC17AFD02ABECF80001A973A /* mediaDetailView.swift */,
				AC6C2B292AC72BD500376084 /* mapDetailView.swift */,
				ACF2043F2AC053ED0014FD6C /* MapView.swift */,
				AC17AFC02ABEC3A0001A973A /* Assets.xcassets */,
				AC17AFC22ABEC3A0001A973A /* Preview Content */,
			);
			path = "imageDetailView-NC";
			sourceTree = "<group>";
		};
		AC17AFC22ABEC3A0001A973A /* Preview Content */ = {
			isa = PBXGroup;
			children = (
				AC17AFC32ABEC3A0001A973A /* Preview Assets.xcassets */,
			);
			path = "Preview Content";
			sourceTree = "<group>";
		};
/* End PBXGroup section */

/* Begin PBXNativeTarget section */
		AC17AFB82ABEC39E001A973A /* imageDetailView-NC */ = {
			isa = PBXNativeTarget;
			buildConfigurationList = AC17AFC72ABEC3A0001A973A /* Build configuration list for PBXNativeTarget "imageDetailView-NC" */;
			buildPhases = (
				AC17AFB52ABEC39E001A973A /* Sources */,
				AC17AFB62ABEC39E001A973A /* Frameworks */,
				AC17AFB72ABEC39E001A973A /* Resources */,
			);
			buildRules = (
			);
			dependencies = (
			);
			name = "imageDetailView-NC";
			packageProductDependencies = (
				AC17AFCB2ABEC69C001A973A /* BottomSheet */,
				ACF204462AC070C60014FD6C /* BottomSheet */,
			);
			productName = "imageDetailView-NC";
			productReference = AC17AFB92ABEC39E001A973A /* imageDetailView-NC.app */;
			productType = "com.apple.product-type.application";
		};
/* End PBXNativeTarget section */

/* Begin PBXProject section */
		AC17AFB12ABEC39E001A973A /* Project object */ = {
			isa = PBXProject;
			attributes = {
				BuildIndependentTargetsInParallel = 1;
				LastSwiftUpdateCheck = 1500;
				LastUpgradeCheck = 1500;
				TargetAttributes = {
					AC17AFB82ABEC39E001A973A = {
						CreatedOnToolsVersion = 15.0;
					};
				};
			};
			buildConfigurationList = AC17AFB42ABEC39E001A973A /* Build configuration list for PBXProject "imageDetailView-NC" */;
			compatibilityVersion = "Xcode 14.0";
			developmentRegion = en;
			hasScannedForEncodings = 0;
			knownRegions = (
				en,
				Base,
			);
			mainGroup = AC17AFB02ABEC39E001A973A;
			packageReferences = (
				AC17AFCA2ABEC69C001A973A /* XCRemoteSwiftPackageReference "bottom-sheet" */,
			);
			productRefGroup = AC17AFBA2ABEC39E001A973A /* Products */;
			projectDirPath = "";
			projectRoot = "";
			targets = (
				AC17AFB82ABEC39E001A973A /* imageDetailView-NC */,
			);
		};
/* End PBXProject section */

/* Begin PBXResourcesBuildPhase section */
		AC17AFB72ABEC39E001A973A /* Resources */ = {
			isa = PBXResourcesBuildPhase;
			buildActionMask = 2147483647;
			files = (
				AC17AFC42ABEC3A0001A973A /* Preview Assets.xcassets in Resources */,
				AC17AFC12ABEC3A0001A973A /* Assets.xcassets in Resources */,
			);
			runOnlyForDeploymentPostprocessing = 0;
		};
/* End PBXResourcesBuildPhase section */

/* Begin PBXSourcesBuildPhase section */
		AC17AFB52ABEC39E001A973A /* Sources */ = {
			isa = PBXSourcesBuildPhase;
			buildActionMask = 2147483647;
			files = (
				AC6C2B2A2AC72BD500376084 /* mapDetailView.swift in Sources */,
				AC17AFBF2ABEC39E001A973A /* ContentView.swift in Sources */,
				ACF204402AC053ED0014FD6C /* MapView.swift in Sources */,
				AC17AFBD2ABEC39E001A973A /* imageDetailView_NCApp.swift in Sources */,
				AC6C2B2C2AC7382600376084 /* CameraDetailsView.swift in Sources */,
				AC17AFD12ABECF80001A973A /* mediaDetailView.swift in Sources */,
			);
			runOnlyForDeploymentPostprocessing = 0;
		};
/* End PBXSourcesBuildPhase section */

/* Begin XCBuildConfiguration section */
		AC17AFC52ABEC3A0001A973A /* Debug */ = {
			isa = XCBuildConfiguration;
			buildSettings = {
				ALWAYS_SEARCH_USER_PATHS = NO;
				ASSETCATALOG_COMPILER_GENERATE_SWIFT_ASSET_SYMBOL_EXTENSIONS = YES;
				CLANG_ANALYZER_NONNULL = YES;
				CLANG_ANALYZER_NUMBER_OBJECT_CONVERSION = YES_AGGRESSIVE;
				CLANG_CXX_LANGUAGE_STANDARD = "gnu++20";
				CLANG_ENABLE_MODULES = YES;
				CLANG_ENABLE_OBJC_ARC = YES;
				CLANG_ENABLE_OBJC_WEAK = YES;
				CLANG_WARN_BLOCK_CAPTURE_AUTORELEASING = YES;
				CLANG_WARN_BOOL_CONVERSION = YES;
				CLANG_WARN_COMMA = YES;
				CLANG_WARN_CONSTANT_CONVERSION = YES;
				CLANG_WARN_DEPRECATED_OBJC_IMPLEMENTATIONS = YES;
				CLANG_WARN_DIRECT_OBJC_ISA_USAGE = YES_ERROR;
				CLANG_WARN_DOCUMENTATION_COMMENTS = YES;
				CLANG_WARN_EMPTY_BODY = YES;
				CLANG_WARN_ENUM_CONVERSION = YES;
				CLANG_WARN_INFINITE_RECURSION = YES;
				CLANG_WARN_INT_CONVERSION = YES;
				CLANG_WARN_NON_LITERAL_NULL_CONVERSION = YES;
				CLANG_WARN_OBJC_IMPLICIT_RETAIN_SELF = YES;
				CLANG_WARN_OBJC_LITERAL_CONVERSION = YES;
				CLANG_WARN_OBJC_ROOT_CLASS = YES_ERROR;
				CLANG_WARN_QUOTED_INCLUDE_IN_FRAMEWORK_HEADER = YES;
				CLANG_WARN_RANGE_LOOP_ANALYSIS = YES;
				CLANG_WARN_STRICT_PROTOTYPES = YES;
				CLANG_WARN_SUSPICIOUS_MOVE = YES;
				CLANG_WARN_UNGUARDED_AVAILABILITY = YES_AGGRESSIVE;
				CLANG_WARN_UNREACHABLE_CODE = YES;
				CLANG_WARN__DUPLICATE_METHOD_MATCH = YES;
				COPY_PHASE_STRIP = NO;
				DEBUG_INFORMATION_FORMAT = dwarf;
				ENABLE_STRICT_OBJC_MSGSEND = YES;
				ENABLE_TESTABILITY = YES;
				ENABLE_USER_SCRIPT_SANDBOXING = YES;
				GCC_C_LANGUAGE_STANDARD = gnu17;
				GCC_DYNAMIC_NO_PIC = NO;
				GCC_NO_COMMON_BLOCKS = YES;
				GCC_OPTIMIZATION_LEVEL = 0;
				GCC_PREPROCESSOR_DEFINITIONS = (
					"DEBUG=1",
					"$(inherited)",
				);
				GCC_WARN_64_TO_32_BIT_CONVERSION = YES;
				GCC_WARN_ABOUT_RETURN_TYPE = YES_ERROR;
				GCC_WARN_UNDECLARED_SELECTOR = YES;
				GCC_WARN_UNINITIALIZED_AUTOS = YES_AGGRESSIVE;
				GCC_WARN_UNUSED_FUNCTION = YES;
				GCC_WARN_UNUSED_VARIABLE = YES;
				IPHONEOS_DEPLOYMENT_TARGET = 15.0;
				LOCALIZATION_PREFERS_STRING_CATALOGS = YES;
				MTL_ENABLE_DEBUG_INFO = INCLUDE_SOURCE;
				MTL_FAST_MATH = YES;
				ONLY_ACTIVE_ARCH = YES;
				SDKROOT = iphoneos;
				SWIFT_ACTIVE_COMPILATION_CONDITIONS = "DEBUG $(inherited)";
				SWIFT_OPTIMIZATION_LEVEL = "-Onone";
			};
			name = Debug;
		};
		AC17AFC62ABEC3A0001A973A /* Release */ = {
			isa = XCBuildConfiguration;
			buildSettings = {
				ALWAYS_SEARCH_USER_PATHS = NO;
				ASSETCATALOG_COMPILER_GENERATE_SWIFT_ASSET_SYMBOL_EXTENSIONS = YES;
				CLANG_ANALYZER_NONNULL = YES;
				CLANG_ANALYZER_NUMBER_OBJECT_CONVERSION = YES_AGGRESSIVE;
				CLANG_CXX_LANGUAGE_STANDARD = "gnu++20";
				CLANG_ENABLE_MODULES = YES;
				CLANG_ENABLE_OBJC_ARC = YES;
				CLANG_ENABLE_OBJC_WEAK = YES;
				CLANG_WARN_BLOCK_CAPTURE_AUTORELEASING = YES;
				CLANG_WARN_BOOL_CONVERSION = YES;
				CLANG_WARN_COMMA = YES;
				CLANG_WARN_CONSTANT_CONVERSION = YES;
				CLANG_WARN_DEPRECATED_OBJC_IMPLEMENTATIONS = YES;
				CLANG_WARN_DIRECT_OBJC_ISA_USAGE = YES_ERROR;
				CLANG_WARN_DOCUMENTATION_COMMENTS = YES;
				CLANG_WARN_EMPTY_BODY = YES;
				CLANG_WARN_ENUM_CONVERSION = YES;
				CLANG_WARN_INFINITE_RECURSION = YES;
				CLANG_WARN_INT_CONVERSION = YES;
				CLANG_WARN_NON_LITERAL_NULL_CONVERSION = YES;
				CLANG_WARN_OBJC_IMPLICIT_RETAIN_SELF = YES;
				CLANG_WARN_OBJC_LITERAL_CONVERSION = YES;
				CLANG_WARN_OBJC_ROOT_CLASS = YES_ERROR;
				CLANG_WARN_QUOTED_INCLUDE_IN_FRAMEWORK_HEADER = YES;
				CLANG_WARN_RANGE_LOOP_ANALYSIS = YES;
				CLANG_WARN_STRICT_PROTOTYPES = YES;
				CLANG_WARN_SUSPICIOUS_MOVE = YES;
				CLANG_WARN_UNGUARDED_AVAILABILITY = YES_AGGRESSIVE;
				CLANG_WARN_UNREACHABLE_CODE = YES;
				CLANG_WARN__DUPLICATE_METHOD_MATCH = YES;
				COPY_PHASE_STRIP = NO;
				DEBUG_INFORMATION_FORMAT = "dwarf-with-dsym";
				ENABLE_NS_ASSERTIONS = NO;
				ENABLE_STRICT_OBJC_MSGSEND = YES;
				ENABLE_USER_SCRIPT_SANDBOXING = YES;
				GCC_C_LANGUAGE_STANDARD = gnu17;
				GCC_NO_COMMON_BLOCKS = YES;
				GCC_WARN_64_TO_32_BIT_CONVERSION = YES;
				GCC_WARN_ABOUT_RETURN_TYPE = YES_ERROR;
				GCC_WARN_UNDECLARED_SELECTOR = YES;
				GCC_WARN_UNINITIALIZED_AUTOS = YES_AGGRESSIVE;
				GCC_WARN_UNUSED_FUNCTION = YES;
				GCC_WARN_UNUSED_VARIABLE = YES;
				IPHONEOS_DEPLOYMENT_TARGET = 15.0;
				LOCALIZATION_PREFERS_STRING_CATALOGS = YES;
				MTL_ENABLE_DEBUG_INFO = NO;
				MTL_FAST_MATH = YES;
				SDKROOT = iphoneos;
				SWIFT_COMPILATION_MODE = wholemodule;
				VALIDATE_PRODUCT = YES;
			};
			name = Release;
		};
		AC17AFC82ABEC3A0001A973A /* Debug */ = {
			isa = XCBuildConfiguration;
			buildSettings = {
				ASSETCATALOG_COMPILER_APPICON_NAME = AppIcon;
				ASSETCATALOG_COMPILER_GLOBAL_ACCENT_COLOR_NAME = AccentColor;
				CODE_SIGN_STYLE = Automatic;
				CURRENT_PROJECT_VERSION = 1;
				DEVELOPMENT_ASSET_PATHS = "\"imageDetailView-NC/Preview Content\"";
				DEVELOPMENT_TEAM = HN39RA8P5G;
				ENABLE_PREVIEWS = YES;
				GENERATE_INFOPLIST_FILE = YES;
				INFOPLIST_KEY_UIApplicationSceneManifest_Generation = YES;
				INFOPLIST_KEY_UIApplicationSupportsIndirectInputEvents = YES;
				INFOPLIST_KEY_UILaunchScreen_Generation = YES;
				INFOPLIST_KEY_UISupportedInterfaceOrientations_iPad = "UIInterfaceOrientationPortrait UIInterfaceOrientationPortraitUpsideDown UIInterfaceOrientationLandscapeLeft UIInterfaceOrientationLandscapeRight";
				INFOPLIST_KEY_UISupportedInterfaceOrientations_iPhone = "UIInterfaceOrientationPortrait UIInterfaceOrientationLandscapeLeft UIInterfaceOrientationLandscapeRight";
				LD_RUNPATH_SEARCH_PATHS = (
					"$(inherited)",
					"@executable_path/Frameworks",
				);
				MARKETING_VERSION = 1.0;
				PRODUCT_BUNDLE_IDENTIFIER = "com.adityagi.imageDetailView-NC";
				PRODUCT_NAME = "$(TARGET_NAME)";
				SWIFT_EMIT_LOC_STRINGS = YES;
				SWIFT_VERSION = 5.0;
				TARGETED_DEVICE_FAMILY = "1,2";
			};
			name = Debug;
		};
		AC17AFC92ABEC3A0001A973A /* Release */ = {
			isa = XCBuildConfiguration;
			buildSettings = {
				ASSETCATALOG_COMPILER_APPICON_NAME = AppIcon;
				ASSETCATALOG_COMPILER_GLOBAL_ACCENT_COLOR_NAME = AccentColor;
				CODE_SIGN_STYLE = Automatic;
				CURRENT_PROJECT_VERSION = 1;
				DEVELOPMENT_ASSET_PATHS = "\"imageDetailView-NC/Preview Content\"";
				DEVELOPMENT_TEAM = HN39RA8P5G;
				ENABLE_PREVIEWS = YES;
				GENERATE_INFOPLIST_FILE = YES;
				INFOPLIST_KEY_UIApplicationSceneManifest_Generation = YES;
				INFOPLIST_KEY_UIApplicationSupportsIndirectInputEvents = YES;
				INFOPLIST_KEY_UILaunchScreen_Generation = YES;
				INFOPLIST_KEY_UISupportedInterfaceOrientations_iPad = "UIInterfaceOrientationPortrait UIInterfaceOrientationPortraitUpsideDown UIInterfaceOrientationLandscapeLeft UIInterfaceOrientationLandscapeRight";
				INFOPLIST_KEY_UISupportedInterfaceOrientations_iPhone = "UIInterfaceOrientationPortrait UIInterfaceOrientationLandscapeLeft UIInterfaceOrientationLandscapeRight";
				LD_RUNPATH_SEARCH_PATHS = (
					"$(inherited)",
					"@executable_path/Frameworks",
				);
				MARKETING_VERSION = 1.0;
				PRODUCT_BUNDLE_IDENTIFIER = "com.adityagi.imageDetailView-NC";
				PRODUCT_NAME = "$(TARGET_NAME)";
				SWIFT_EMIT_LOC_STRINGS = YES;
				SWIFT_VERSION = 5.0;
				TARGETED_DEVICE_FAMILY = "1,2";
			};
			name = Release;
		};
/* End XCBuildConfiguration section */

/* Begin XCConfigurationList section */
		AC17AFB42ABEC39E001A973A /* Build configuration list for PBXProject "imageDetailView-NC" */ = {
			isa = XCConfigurationList;
			buildConfigurations = (
				AC17AFC52ABEC3A0001A973A /* Debug */,
				AC17AFC62ABEC3A0001A973A /* Release */,
			);
			defaultConfigurationIsVisible = 0;
			defaultConfigurationName = Release;
		};
		AC17AFC72ABEC3A0001A973A /* Build configuration list for PBXNativeTarget "imageDetailView-NC" */ = {
			isa = XCConfigurationList;
			buildConfigurations = (
				AC17AFC82ABEC3A0001A973A /* Debug */,
				AC17AFC92ABEC3A0001A973A /* Release */,
			);
			defaultConfigurationIsVisible = 0;
			defaultConfigurationName = Release;
		};
/* End XCConfigurationList section */

/* Begin XCRemoteSwiftPackageReference section */
		AC17AFCA2ABEC69C001A973A /* XCRemoteSwiftPackageReference "bottom-sheet" */ = {
			isa = XCRemoteSwiftPackageReference;
			repositoryURL = "https://github.com/weitieda/bottom-sheet";
			requirement = {
				kind = upToNextMajorVersion;
				minimumVersion = 1.0.12;
			};
		};
/* End XCRemoteSwiftPackageReference section */

/* Begin XCSwiftPackageProductDependency section */
		AC17AFCB2ABEC69C001A973A /* BottomSheet */ = {
			isa = XCSwiftPackageProductDependency;
			package = AC17AFCA2ABEC69C001A973A /* XCRemoteSwiftPackageReference "bottom-sheet" */;
			productName = BottomSheet;
		};
		ACF204462AC070C60014FD6C /* BottomSheet */ = {
			isa = XCSwiftPackageProductDependency;
			package = AC17AFCA2ABEC69C001A973A /* XCRemoteSwiftPackageReference "bottom-sheet" */;
			productName = BottomSheet;
		};
/* End XCSwiftPackageProductDependency section */
	};
	rootObject = AC17AFB12ABEC39E001A973A /* Project object */;
}
